
Microsoft Visual Studio Solution File, Format Version 12.00
# Visual Studio Version 16
VisualStudioVersion = 16.0.31624.102
MinimumVisualStudioVersion = 10.0.40219.1
Project("{FAE04EC0-301F-11D3-BF4B-00C04F79EFBC}") = "QuanLyBanHang", "QuanLyBanHang\QuanLyBanHang.csproj", "{163D651A-A460-47AE-962D-3C25AA2B8D7A}"
EndProject
Global
	GlobalSection(SolutionConfigurationPlatforms) = preSolution
		Debug|Any CPU = Debug|Any CPU
		Release|Any CPU = Release|Any CPU
	EndGlobalSection
	GlobalSection(ProjectConfigurationPlatforms) = postSolution
		{163D651A-A460-47AE-962D-3C25AA2B8D7A}.Debug|Any CPU.ActiveCfg = Debug|Any CPU
		{163D651A-A460-47AE-962D-3C25AA2B8D7A}.Debug|Any CPU.Build.0 = Debug|Any CPU
		{163D651A-A460-47AE-962D-3C25AA2B8D7A}.Release|Any CPU.ActiveCfg = Release|Any CPU
		{163D651A-A460-47AE-962D-3C25AA2B8D7A}.Release|Any CPU.Build.0 = Release|Any CPU
	EndGlobalSection
	GlobalSection(SolutionProperties) = preSolution
		HideSolutionNode = FALSE
	EndGlobalSection
	GlobalSection(ExtensibilityGlobals) = postSolution
		SolutionGuid = {D61A61C5-5AED-456E-80F8-B36FF649F3CB}
	EndGlobalSection
EndGlobal
